// !$*UTF8*$!
{
	archiveVersion = 1;
	classes = {
	};
	objectVersion = 56;
	objects = {

/* Begin PBXBuildFile section */
		BA23D8A42A3A3E87004FAB09 /* SearchViewController.swift in Sources */ = {isa = PBXBuildFile; fileRef = BA23D8A32A3A3E87004FAB09 /* SearchViewController.swift */; };
		BA23D8A82A3A44E4004FAB09 /* repoNames.swift in Sources */ = {isa = PBXBuildFile; fileRef = BA23D8A72A3A44E4004FAB09 /* repoNames.swift */; };
		BA3125B42A39FCF6005DA478 /* AppDelegate.swift in Sources */ = {isa = PBXBuildFile; fileRef = BA3125B32A39FCF6005DA478 /* AppDelegate.swift */; };
		BA3125B62A39FCF6005DA478 /* SceneDelegate.swift in Sources */ = {isa = PBXBuildFile; fileRef = BA3125B52A39FCF6005DA478 /* SceneDelegate.swift */; };
		BA3125BB2A39FCF6005DA478 /* Main.storyboard in Resources */ = {isa = PBXBuildFile; fileRef = BA3125B92A39FCF6005DA478 /* Main.storyboard */; };
		BA3125BE2A39FCF6005DA478 /* airwrk.xcdatamodeld in Sources */ = {isa = PBXBuildFile; fileRef = BA3125BC2A39FCF6005DA478 /* airwrk.xcdatamodeld */; };
		BA3125C02A39FCFB005DA478 /* Assets.xcassets in Resources */ = {isa = PBXBuildFile; fileRef = BA3125BF2A39FCFB005DA478 /* Assets.xcassets */; };
		BA3125C32A39FCFB005DA478 /* LaunchScreen.storyboard in Resources */ = {isa = PBXBuildFile; fileRef = BA3125C12A39FCFB005DA478 /* LaunchScreen.storyboard */; };
		BA3125CB2A3A0B19005DA478 /* Utility.swift in Sources */ = {isa = PBXBuildFile; fileRef = BA3125CA2A3A0B19005DA478 /* Utility.swift */; };
		BA3125CD2A3A0B32005DA478 /* BaseVC.swift in Sources */ = {isa = PBXBuildFile; fileRef = BA3125CC2A3A0B32005DA478 /* BaseVC.swift */; };
		BA3125CF2A3A0B4C005DA478 /* Constants.swift in Sources */ = {isa = PBXBuildFile; fileRef = BA3125CE2A3A0B4B005DA478 /* Constants.swift */; };
		BA3125D12A3A0B56005DA478 /* PreferenceHelper.swift in Sources */ = {isa = PBXBuildFile; fileRef = BA3125D02A3A0B56005DA478 /* PreferenceHelper.swift */; };
		BA3125D32A3A0B63005DA478 /* Extension in Resources */ = {isa = PBXBuildFile; fileRef = BA3125D22A3A0B63005DA478 /* Extension */; };
/* End PBXBuildFile section */

/* Begin PBXFileReference section */
		BA23D8A32A3A3E87004FAB09 /* SearchViewController.swift */ = {isa = PBXFileReference; lastKnownFileType = sourcecode.swift; path = SearchViewController.swift; sourceTree = "<group>"; };
		BA23D8A72A3A44E4004FAB09 /* repoNames.swift */ = {isa = PBXFileReference; lastKnownFileType = sourcecode.swift; path = repoNames.swift; sourceTree = "<group>"; };
		BA3125B02A39FCF6005DA478 /* airwrk.app */ = {isa = PBXFileReference; explicitFileType = wrapper.application; includeInIndex = 0; path = airwrk.app; sourceTree = BUILT_PRODUCTS_DIR; };
		BA3125B32A39FCF6005DA478 /* AppDelegate.swift */ = {isa = PBXFileReference; lastKnownFileType = sourcecode.swift; path = AppDelegate.swift; sourceTree = "<group>"; };
		BA3125B52A39FCF6005DA478 /* SceneDelegate.swift */ = {isa = PBXFileReference; lastKnownFileType = sourcecode.swift; path = SceneDelegate.swift; sourceTree = "<group>"; };
		BA3125BA2A39FCF6005DA478 /* Base */ = {isa = PBXFileReference; lastKnownFileType = file.storyboard; name = Base; path = Base.lproj/Main.storyboard; sourceTree = "<group>"; };
		BA3125BD2A39FCF6005DA478 /* airwrk.xcdatamodel */ = {isa = PBXFileReference; lastKnownFileType = wrapper.xcdatamodel; path = airwrk.xcdatamodel; sourceTree = "<group>"; };
		BA3125BF2A39FCFB005DA478 /* Assets.xcassets */ = {isa = PBXFileReference; lastKnownFileType = folder.assetcatalog; path = Assets.xcassets; sourceTree = "<group>"; };
		BA3125C22A39FCFB005DA478 /* Base */ = {isa = PBXFileReference; lastKnownFileType = file.storyboard; name = Base; path = Base.lproj/LaunchScreen.storyboard; sourceTree = "<group>"; };
		BA3125C42A39FCFB005DA478 /* Info.plist */ = {isa = PBXFileReference; lastKnownFileType = text.plist.xml; path = Info.plist; sourceTree = "<group>"; };
		BA3125CA2A3A0B19005DA478 /* Utility.swift */ = {isa = PBXFileReference; fileEncoding = 4; lastKnownFileType = sourcecode.swift; path = Utility.swift; sourceTree = "<group>"; };
		BA3125CC2A3A0B32005DA478 /* BaseVC.swift */ = {isa = PBXFileReference; fileEncoding = 4; lastKnownFileType = sourcecode.swift; path = BaseVC.swift; sourceTree = "<group>"; };
		BA3125CE2A3A0B4B005DA478 /* Constants.swift */ = {isa = PBXFileReference; fileEncoding = 4; lastKnownFileType = sourcecode.swift; path = Constants.swift; sourceTree = "<group>"; };
		BA3125D02A3A0B56005DA478 /* PreferenceHelper.swift */ = {isa = PBXFileReference; fileEncoding = 4; lastKnownFileType = sourcecode.swift; path = PreferenceHelper.swift; sourceTree = "<group>"; };
		BA3125D22A3A0B63005DA478 /* Extension */ = {isa = PBXFileReference; lastKnownFileType = folder; path = Extension; sourceTree = "<group>"; };
/* End PBXFileReference section */

/* Begin PBXFrameworksBuildPhase section */
		BA3125AD2A39FCF6005DA478 /* Frameworks */ = {
			isa = PBXFrameworksBuildPhase;
			buildActionMask = 2147483647;
			files = (
			);
			runOnlyForDeploymentPostprocessing = 0;
		};
/* End PBXFrameworksBuildPhase section */

/* Begin PBXGroup section */
		BA23D8A52A3A44B4004FAB09 /* Model */ = {
			isa = PBXGroup;
			children = (
				BA23D8A72A3A44E4004FAB09 /* repoNames.swift */,
			);
			path = Model;
			sourceTree = "<group>";
		};
		BA23D8A62A3A44BF004FAB09 /* ViewControllers */ = {
			isa = PBXGroup;
			children = (
				BA23D8A32A3A3E87004FAB09 /* SearchViewController.swift */,
			);
			path = ViewControllers;
			sourceTree = "<group>";
		};
		BA3125A72A39FCF6005DA478 = {
			isa = PBXGroup;
			children = (
				BA3125B22A39FCF6005DA478 /* airwrk */,
				BA3125B12A39FCF6005DA478 /* Products */,
			);
			sourceTree = "<group>";
		};
		BA3125B12A39FCF6005DA478 /* Products */ = {
			isa = PBXGroup;
			children = (
				BA3125B02A39FCF6005DA478 /* airwrk.app */,
			);
			name = Products;
			sourceTree = "<group>";
		};
		BA3125B22A39FCF6005DA478 /* airwrk */ = {
			isa = PBXGroup;
			children = (
				BA23D8A62A3A44BF004FAB09 /* ViewControllers */,
				BA23D8A52A3A44B4004FAB09 /* Model */,
				BA3125D22A3A0B63005DA478 /* Extension */,
				BA3125D42A3A0B70005DA478 /* utility */,
				BA3125B32A39FCF6005DA478 /* AppDelegate.swift */,
				BA3125B52A39FCF6005DA478 /* SceneDelegate.swift */,
				BA3125B92A39FCF6005DA478 /* Main.storyboard */,
				BA3125BF2A39FCFB005DA478 /* Assets.xcassets */,
				BA3125C12A39FCFB005DA478 /* LaunchScreen.storyboard */,
				BA3125C42A39FCFB005DA478 /* Info.plist */,
				BA3125BC2A39FCF6005DA478 /* airwrk.xcdatamodeld */,
			);
			path = airwrk;
			sourceTree = "<group>";
		};
		BA3125D42A3A0B70005DA478 /* utility */ = {
			isa = PBXGroup;
			children = (
				BA3125CC2A3A0B32005DA478 /* BaseVC.swift */,
				BA3125CE2A3A0B4B005DA478 /* Constants.swift */,
				BA3125D02A3A0B56005DA478 /* PreferenceHelper.swift */,
				BA3125CA2A3A0B19005DA478 /* Utility.swift */,
			);
			path = utility;
			sourceTree = "<group>";
		};
/* End PBXGroup section */

/* Begin PBXNativeTarget section */
		BA3125AF2A39FCF6005DA478 /* airwrk */ = {
			isa = PBXNativeTarget;
			buildConfigurationList = BA3125C72A39FCFB005DA478 /* Build configuration list for PBXNativeTarget "airwrk" */;
			buildPhases = (
				BA3125AC2A39FCF6005DA478 /* Sources */,
				BA3125AD2A39FCF6005DA478 /* Frameworks */,
				BA3125AE2A39FCF6005DA478 /* Resources */,
			);
			buildRules = (
			);
			dependencies = (
			);
			name = airwrk;
			productName = airwrk;
			productReference = BA3125B02A39FCF6005DA478 /* airwrk.app */;
			productType = "com.apple.product-type.application";
		};
/* End PBXNativeTarget section */

/* Begin PBXProject section */
		BA3125A82A39FCF6005DA478 /* Project object */ = {
			isa = PBXProject;
			attributes = {
				BuildIndependentTargetsInParallel = 1;
				LastSwiftUpdateCheck = 1430;
				LastUpgradeCheck = 1430;
				TargetAttributes = {
					BA3125AF2A39FCF6005DA478 = {
						CreatedOnToolsVersion = 14.3.1;
					};
				};
			};
			buildConfigurationList = BA3125AB2A39FCF6005DA478 /* Build configuration list for PBXProject "airwrk" */;
			compatibilityVersion = "Xcode 14.0";
			developmentRegion = en;
			hasScannedForEncodings = 0;
			knownRegions = (
				en,
				Base,
			);
			mainGroup = BA3125A72A39FCF6005DA478;
			productRefGroup = BA3125B12A39FCF6005DA478 /* Products */;
			projectDirPath = "";
			projectRoot = "";
			targets = (
				BA3125AF2A39FCF6005DA478 /* airwrk */,
			);
		};
/* End PBXProject section */

/* Begin PBXResourcesBuildPhase section */
		BA3125AE2A39FCF6005DA478 /* Resources */ = {
			isa = PBXResourcesBuildPhase;
			buildActionMask = 2147483647;
			files = (
				BA3125C32A39FCFB005DA478 /* LaunchScreen.storyboard in Resources */,
				BA3125C02A39FCFB005DA478 /* Assets.xcassets in Resources */,
				BA3125D32A3A0B63005DA478 /* Extension in Resources */,
				BA3125BB2A39FCF6005DA478 /* Main.storyboard in Resources */,
			);
			runOnlyForDeploymentPostprocessing = 0;
		};
/* End PBXResourcesBuildPhase section */

/* Begin PBXSourcesBuildPhase section */
		BA3125AC2A39FCF6005DA478 /* Sources */ = {
			isa = PBXSourcesBuildPhase;
			buildActionMask = 2147483647;
			files = (
				BA3125D12A3A0B56005DA478 /* PreferenceHelper.swift in Sources */,
				BA3125CB2A3A0B19005DA478 /* Utility.swift in Sources */,
				BA23D8A42A3A3E87004FAB09 /* SearchViewController.swift in Sources */,
				BA3125CD2A3A0B32005DA478 /* BaseVC.swift in Sources */,
				BA3125B42A39FCF6005DA478 /* AppDelegate.swift in Sources */,
				BA3125CF2A3A0B4C005DA478 /* Constants.swift in Sources */,
				BA3125B62A39FCF6005DA478 /* SceneDelegate.swift in Sources */,
				BA23D8A82A3A44E4004FAB09 /* repoNames.swift in Sources */,
				BA3125BE2A39FCF6005DA478 /* airwrk.xcdatamodeld in Sources */,
			);
			runOnlyForDeploymentPostprocessing = 0;
		};
/* End PBXSourcesBuildPhase section */

/* Begin PBXVariantGroup section */
		BA3125B92A39FCF6005DA478 /* Main.storyboard */ = {
			isa = PBXVariantGroup;
			children = (
				BA3125BA2A39FCF6005DA478 /* Base */,
			);
			name = Main.storyboard;
			sourceTree = "<group>";
		};
		BA3125C12A39FCFB005DA478 /* LaunchScreen.storyboard */ = {
			isa = PBXVariantGroup;
			children = (
				BA3125C22A39FCFB005DA478 /* Base */,
			);
			name = LaunchScreen.storyboard;
			sourceTree = "<group>";
		};
/* End PBXVariantGroup section */

/* Begin XCBuildConfiguration section */
		BA3125C52A39FCFB005DA478 /* Debug */ = {
			isa = XCBuildConfiguration;
			buildSettings = {
				ALWAYS_SEARCH_USER_PATHS = NO;
				CLANG_ANALYZER_NONNULL = YES;
				CLANG_ANALYZER_NUMBER_OBJECT_CONVERSION = YES_AGGRESSIVE;
				CLANG_CXX_LANGUAGE_STANDARD = "gnu++20";
				CLANG_ENABLE_MODULES = YES;
				CLANG_ENABLE_OBJC_ARC = YES;
				CLANG_ENABLE_OBJC_WEAK = YES;
				CLANG_WARN_BLOCK_CAPTURE_AUTORELEASING = YES;
				CLANG_WARN_BOOL_CONVERSION = YES;
				CLANG_WARN_COMMA = YES;
				CLANG_WARN_CONSTANT_CONVERSION = YES;
				CLANG_WARN_DEPRECATED_OBJC_IMPLEMENTATIONS = YES;
				CLANG_WARN_DIRECT_OBJC_ISA_USAGE = YES_ERROR;
				CLANG_WARN_DOCUMENTATION_COMMENTS = YES;
				CLANG_WARN_EMPTY_BODY = YES;
				CLANG_WARN_ENUM_CONVERSION = YES;
				CLANG_WARN_INFINITE_RECURSION = YES;
				CLANG_WARN_INT_CONVERSION = YES;
				CLANG_WARN_NON_LITERAL_NULL_CONVERSION = YES;
				CLANG_WARN_OBJC_IMPLICIT_RETAIN_SELF = YES;
				CLANG_WARN_OBJC_LITERAL_CONVERSION = YES;
				CLANG_WARN_OBJC_ROOT_CLASS = YES_ERROR;
				CLANG_WARN_QUOTED_INCLUDE_IN_FRAMEWORK_HEADER = YES;
				CLANG_WARN_RANGE_LOOP_ANALYSIS = YES;
				CLANG_WARN_STRICT_PROTOTYPES = YES;
				CLANG_WARN_SUSPICIOUS_MOVE = YES;
				CLANG_WARN_UNGUARDED_AVAILABILITY = YES_AGGRESSIVE;
				CLANG_WARN_UNREACHABLE_CODE = YES;
				CLANG_WARN__DUPLICATE_METHOD_MATCH = YES;
				COPY_PHASE_STRIP = NO;
				DEBUG_INFORMATION_FORMAT = dwarf;
				ENABLE_STRICT_OBJC_MSGSEND = YES;
				ENABLE_TESTABILITY = YES;
				GCC_C_LANGUAGE_STANDARD = gnu11;
				GCC_DYNAMIC_NO_PIC = NO;
				GCC_NO_COMMON_BLOCKS = YES;
				GCC_OPTIMIZATION_LEVEL = 0;
				GCC_PREPROCESSOR_DEFINITIONS = (
					"DEBUG=1",
					"$(inherited)",
				);
				GCC_WARN_64_TO_32_BIT_CONVERSION = YES;
				GCC_WARN_ABOUT_RETURN_TYPE = YES_ERROR;
				GCC_WARN_UNDECLARED_SELECTOR = YES;
				GCC_WARN_UNINITIALIZED_AUTOS = YES_AGGRESSIVE;
				GCC_WARN_UNUSED_FUNCTION = YES;
				GCC_WARN_UNUSED_VARIABLE = YES;
				IPHONEOS_DEPLOYMENT_TARGET = 16.4;
				MTL_ENABLE_DEBUG_INFO = INCLUDE_SOURCE;
				MTL_FAST_MATH = YES;
				ONLY_ACTIVE_ARCH = YES;
				SDKROOT = iphoneos;
				SWIFT_ACTIVE_COMPILATION_CONDITIONS = DEBUG;
				SWIFT_OPTIMIZATION_LEVEL = "-Onone";
			};
			name = Debug;
		};
		BA3125C62A39FCFB005DA478 /* Release */ = {
			isa = XCBuildConfiguration;
			buildSettings = {
				ALWAYS_SEARCH_USER_PATHS = NO;
				CLANG_ANALYZER_NONNULL = YES;
				CLANG_ANALYZER_NUMBER_OBJECT_CONVERSION = YES_AGGRESSIVE;
				CLANG_CXX_LANGUAGE_STANDARD = "gnu++20";
				CLANG_ENABLE_MODULES = YES;
				CLANG_ENABLE_OBJC_ARC = YES;
				CLANG_ENABLE_OBJC_WEAK = YES;
				CLANG_WARN_BLOCK_CAPTURE_AUTORELEASING = YES;
				CLANG_WARN_BOOL_CONVERSION = YES;
				CLANG_WARN_COMMA = YES;
				CLANG_WARN_CONSTANT_CONVERSION = YES;
				CLANG_WARN_DEPRECATED_OBJC_IMPLEMENTATIONS = YES;
				CLANG_WARN_DIRECT_OBJC_ISA_USAGE = YES_ERROR;
				CLANG_WARN_DOCUMENTATION_COMMENTS = YES;
				CLANG_WARN_EMPTY_BODY = YES;
				CLANG_WARN_ENUM_CONVERSION = YES;
				CLANG_WARN_INFINITE_RECURSION = YES;
				CLANG_WARN_INT_CONVERSION = YES;
				CLANG_WARN_NON_LITERAL_NULL_CONVERSION = YES;
				CLANG_WARN_OBJC_IMPLICIT_RETAIN_SELF = YES;
				CLANG_WARN_OBJC_LITERAL_CONVERSION = YES;
				CLANG_WARN_OBJC_ROOT_CLASS = YES_ERROR;
				CLANG_WARN_QUOTED_INCLUDE_IN_FRAMEWORK_HEADER = YES;
				CLANG_WARN_RANGE_LOOP_ANALYSIS = YES;
				CLANG_WARN_STRICT_PROTOTYPES = YES;
				CLANG_WARN_SUSPICIOUS_MOVE = YES;
				CLANG_WARN_UNGUARDED_AVAILABILITY = YES_AGGRESSIVE;
				CLANG_WARN_UNREACHABLE_CODE = YES;
				CLANG_WARN__DUPLICATE_METHOD_MATCH = YES;
				COPY_PHASE_STRIP = NO;
				DEBUG_INFORMATION_FORMAT = "dwarf-with-dsym";
				ENABLE_NS_ASSERTIONS = NO;
				ENABLE_STRICT_OBJC_MSGSEND = YES;
				GCC_C_LANGUAGE_STANDARD = gnu11;
				GCC_NO_COMMON_BLOCKS = YES;
				GCC_WARN_64_TO_32_BIT_CONVERSION = YES;
				GCC_WARN_ABOUT_RETURN_TYPE = YES_ERROR;
				GCC_WARN_UNDECLARED_SELECTOR = YES;
				GCC_WARN_UNINITIALIZED_AUTOS = YES_AGGRESSIVE;
				GCC_WARN_UNUSED_FUNCTION = YES;
				GCC_WARN_UNUSED_VARIABLE = YES;
				IPHONEOS_DEPLOYMENT_TARGET = 16.4;
				MTL_ENABLE_DEBUG_INFO = NO;
				MTL_FAST_MATH = YES;
				SDKROOT = iphoneos;
				SWIFT_COMPILATION_MODE = wholemodule;
				SWIFT_OPTIMIZATION_LEVEL = "-O";
				VALIDATE_PRODUCT = YES;
			};
			name = Release;
		};
		BA3125C82A39FCFB005DA478 /* Debug */ = {
			isa = XCBuildConfiguration;
			buildSettings = {
				ASSETCATALOG_COMPILER_APPICON_NAME = AppIcon;
				ASSETCATALOG_COMPILER_GLOBAL_ACCENT_COLOR_NAME = AccentColor;
				CODE_SIGN_STYLE = Automatic;
				CURRENT_PROJECT_VERSION = 1;
				DEVELOPMENT_TEAM = NS9BQQQNV5;
				GENERATE_INFOPLIST_FILE = YES;
				INFOPLIST_FILE = airwrk/Info.plist;
				INFOPLIST_KEY_UIApplicationSupportsIndirectInputEvents = YES;
				INFOPLIST_KEY_UILaunchStoryboardName = LaunchScreen;
				INFOPLIST_KEY_UIMainStoryboardFile = Main;
				INFOPLIST_KEY_UISupportedInterfaceOrientations_iPad = "UIInterfaceOrientationPortrait UIInterfaceOrientationPortraitUpsideDown UIInterfaceOrientationLandscapeLeft UIInterfaceOrientationLandscapeRight";
				INFOPLIST_KEY_UISupportedInterfaceOrientations_iPhone = "UIInterfaceOrientationPortrait UIInterfaceOrientationLandscapeLeft UIInterfaceOrientationLandscapeRight";
				LD_RUNPATH_SEARCH_PATHS = (
					"$(inherited)",
					"@executable_path/Frameworks",
				);
				MARKETING_VERSION = 1.0;
				PRODUCT_BUNDLE_IDENTIFIER = com.mehed1hasan.airwrk;
				PRODUCT_NAME = "$(TARGET_NAME)";
				SWIFT_EMIT_LOC_STRINGS = YES;
				SWIFT_VERSION = 5.0;
				TARGETED_DEVICE_FAMILY = "1,2";
			};
			name = Debug;
		};
		BA3125C92A39FCFB005DA478 /* Release */ = {
			isa = XCBuildConfiguration;
			buildSettings = {
				ASSETCATALOG_COMPILER_APPICON_NAME = AppIcon;
				ASSETCATALOG_COMPILER_GLOBAL_ACCENT_COLOR_NAME = AccentColor;
				CODE_SIGN_STYLE = Automatic;
				CURRENT_PROJECT_VERSION = 1;
				DEVELOPMENT_TEAM = NS9BQQQNV5;
				GENERATE_INFOPLIST_FILE = YES;
				INFOPLIST_FILE = airwrk/Info.plist;
				INFOPLIST_KEY_UIApplicationSupportsIndirectInputEvents = YES;
				INFOPLIST_KEY_UILaunchStoryboardName = LaunchScreen;
				INFOPLIST_KEY_UIMainStoryboardFile = Main;
				INFOPLIST_KEY_UISupportedInterfaceOrientations_iPad = "UIInterfaceOrientationPortrait UIInterfaceOrientationPortraitUpsideDown UIInterfaceOrientationLandscapeLeft UIInterfaceOrientationLandscapeRight";
				INFOPLIST_KEY_UISupportedInterfaceOrientations_iPhone = "UIInterfaceOrientationPortrait UIInterfaceOrientationLandscapeLeft UIInterfaceOrientationLandscapeRight";
				LD_RUNPATH_SEARCH_PATHS = (
					"$(inherited)",
					"@executable_path/Frameworks",
				);
				MARKETING_VERSION = 1.0;
				PRODUCT_BUNDLE_IDENTIFIER = com.mehed1hasan.airwrk;
				PRODUCT_NAME = "$(TARGET_NAME)";
				SWIFT_EMIT_LOC_STRINGS = YES;
				SWIFT_VERSION = 5.0;
				TARGETED_DEVICE_FAMILY = "1,2";
			};
			name = Release;
		};
/* End XCBuildConfiguration section */

/* Begin XCConfigurationList section */
		BA3125AB2A39FCF6005DA478 /* Build configuration list for PBXProject "airwrk" */ = {
			isa = XCConfigurationList;
			buildConfigurations = (
				BA3125C52A39FCFB005DA478 /* Debug */,
				BA3125C62A39FCFB005DA478 /* Release */,
			);
			defaultConfigurationIsVisible = 0;
			defaultConfigurationName = Release;
		};
		BA3125C72A39FCFB005DA478 /* Build configuration list for PBXNativeTarget "airwrk" */ = {
			isa = XCConfigurationList;
			buildConfigurations = (
				BA3125C82A39FCFB005DA478 /* Debug */,
				BA3125C92A39FCFB005DA478 /* Release */,
			);
			defaultConfigurationIsVisible = 0;
			defaultConfigurationName = Release;
		};
/* End XCConfigurationList section */

/* Begin XCVersionGroup section */
		BA3125BC2A39FCF6005DA478 /* airwrk.xcdatamodeld */ = {
			isa = XCVersionGroup;
			children = (
				BA3125BD2A39FCF6005DA478 /* airwrk.xcdatamodel */,
			);
			currentVersion = BA3125BD2A39FCF6005DA478 /* airwrk.xcdatamodel */;
			path = airwrk.xcdatamodeld;
			sourceTree = "<group>";
			versionGroupType = wrapper.xcdatamodel;
		};
/* End XCVersionGroup section */
	};
	rootObject = BA3125A82A39FCF6005DA478 /* Project object */;
}
